
Microsoft Visual Studio Solution File, Format Version 12.00
# Visual Studio Version 16
VisualStudioVersion = 16.0.29503.13
MinimumVisualStudioVersion = 10.0.40219.1
Project("{9A19103F-16F7-4668-BE54-9A1E7A4F7556}") = "PostDog", "PostDog.csproj", "{6CD110A8-B4E4-4FD1-B165-68073CB5E850}"
EndProject
Project("{FAE04EC0-301F-11D3-BF4B-00C04F79EFBC}") = "TestWebApi", "..\TestWebApi\TestWebApi.csproj", "{664CC64A-2968-4A08-A1CD-28700C648CF6}"
EndProject
Project("{2150E333-8FDC-42A3-9474-1A3956D46DE8}") = "Solution Items", "Solution Items", "{2E9A3257-0170-42A0-BBB9-613942CC9CCB}"
	ProjectSection(SolutionItems) = preProject
		.gitignore = .gitignore
	EndProjectSection
EndProject
Global
	GlobalSection(SolutionConfigurationPlatforms) = preSolution
		Debug|Any CPU = Debug|Any CPU
		Release|Any CPU = Release|Any CPU
	EndGlobalSection
	GlobalSection(ProjectConfigurationPlatforms) = postSolution
		{6CD110A8-B4E4-4FD1-B165-68073CB5E850}.Debug|Any CPU.ActiveCfg = Debug|Any CPU
		{6CD110A8-B4E4-4FD1-B165-68073CB5E850}.Debug|Any CPU.Build.0 = Debug|Any CPU
		{6CD110A8-B4E4-4FD1-B165-68073CB5E850}.Release|Any CPU.ActiveCfg = Release|Any CPU
		{6CD110A8-B4E4-4FD1-B165-68073CB5E850}.Release|Any CPU.Build.0 = Release|Any CPU
		{664CC64A-2968-4A08-A1CD-28700C648CF6}.Debug|Any CPU.ActiveCfg = Debug|Any CPU
		{664CC64A-2968-4A08-A1CD-28700C648CF6}.Debug|Any CPU.Build.0 = Debug|Any CPU
		{664CC64A-2968-4A08-A1CD-28700C648CF6}.Release|Any CPU.ActiveCfg = Release|Any CPU
		{664CC64A-2968-4A08-A1CD-28700C648CF6}.Release|Any CPU.Build.0 = Release|Any CPU
	EndGlobalSection
	GlobalSection(SolutionProperties) = preSolution
		HideSolutionNode = FALSE
	EndGlobalSection
	GlobalSection(ExtensibilityGlobals) = postSolution
		SolutionGuid = {40011C10-2F3B-4C66-8664-EB3574938F1E}
	EndGlobalSection
EndGlobal
